<?xml version="1.0" encoding="utf-8"?>
<Project ToolsVersion="4.0" xmlns="http://schemas.microsoft.com/developer/msbuild/2003">
  <ItemGroup>
    <Filter Include="Source Files">
      <UniqueIdentifier>{4FC737F1-C7A5-4376-A066-2A32D752A2FF}</UniqueIdentifier>
      <Extensions>cpp;c;cc;cxx;c++;cppm;ixx;def;odl;idl;hpj;bat;asm;asmx</Extensions>
    </Filter>
    <Filter Include="Header Files">
      <UniqueIdentifier>{93995380-89BD-4b04-88EB-625FBE52EBFB}</UniqueIdentifier>
      <Extensions>h;hh;hpp;hxx;h++;hm;inl;inc;ipp;xsd</Extensions>
    </Filter>
    <Filter Include="Resource Files">
      <UniqueIdentifier>{67DA6AB6-F800-4c08-8B7A-83BB121AAD01}</UniqueIdentifier>
      <Extensions>rc;ico;cur;bmp;dlg;rc2;rct;bin;rgs;gif;jpg;jpeg;jpe;resx;tiff;tif;png;wav;mfcribbon-ms</Extensions>
    </Filter>
  </ItemGroup>
  <ItemGroup>
    <ClCompile Include="main.cpp">
      <Filter>Source Files</Filter>
    </ClCompile>
    <ClCompile Include="c_logeo.cpp">
      <Filter>Header Files</Filter>
    </ClCompile>
    <ClCompile Include="a_opciones.cpp">
      <Filter>Header Files</Filter>
    </ClCompile>
    <ClCompile Include="b_opciones.cpp">
      <Filter>Header Files</Filter>
    </ClCompile>
    <ClCompile Include="b_mantenimiento_Codigo.cpp">
      <Filter>Header Files</Filter>
    </ClCompile>
    <ClCompile Include="b_mantenimiento_Codigo_nuevo.cpp">
      <Filter>Header Files</Filter>
    </ClCompile>
    <ClCompile Include="b_mantenimiento_Codigo_editar.cpp">
      <Filter>Header Files</Filter>
    </ClCompile>
    <ClCompile Include="a_mantenimiento_Codigo.cpp">
      <Filter>Header Files</Filter>
    </ClCompile>
    <ClCompile Include="a_mantenimiento_Codigo_nuevo.cpp">
      <Filter>Header Files</Filter>
    </ClCompile>
    <ClCompile Include="a_mantenimiento_Codigo_editar.cpp">
      <Filter>Header Files</Filter>
    </ClCompile>
    <ClCompile Include="a_historial.cpp">
      <Filter>Header Files</Filter>
    </ClCompile>
    <ClCompile Include="a_mantenimiento_Usuario.cpp">
      <Filter>Header Files</Filter>
    </ClCompile>
    <ClCompile Include="b_reporte_UsosxDia.cpp">
      <Filter>Header Files</Filter>
    </ClCompile>
    <ClCompile Include="a_mantenimiento_Usuario_nuevo.cpp">
      <Filter>Header Files</Filter>
    </ClCompile>
    <ClCompile Include="a_mantenimiento_Usuario_editar.cpp">
      <Filter>Header Files</Filter>
    </ClCompile>
    <ClCompile Include="a_mantenimiento_Posicion.cpp">
      <Filter>Header Files</Filter>
    </ClCompile>
    <ClCompile Include="a_mantenimiento_Posicion_editar.cpp">
      <Filter>Header Files</Filter>
    </ClCompile>
    <ClCompile Include="a_mantenimiento_Posicion_nuevo.cpp">
      <Filter>Header Files</Filter>
    </ClCompile>
    <ClCompile Include="a_reporte_UsosxUsuario.cpp">
      <Filter>Header Files</Filter>
    </ClCompile>
  </ItemGroup>
  <ItemGroup>
    <ClInclude Include="c_logeo.h">
      <Filter>Header Files</Filter>
    </ClInclude>
    <ClInclude Include="a_opciones.h">
      <Filter>Header Files</Filter>
    </ClInclude>
    <ClInclude Include="b_opciones.h">
      <Filter>Header Files</Filter>
    </ClInclude>
    <ClInclude Include="b_mantenimiento_Codigo.h">
      <Filter>Header Files</Filter>
    </ClInclude>
    <ClInclude Include="b_mantenimiento_Codigo_nuevo.h">
      <Filter>Header Files</Filter>
    </ClInclude>
    <ClInclude Include="b_mantenimiento_Codigo_editar.h">
      <Filter>Header Files</Filter>
    </ClInclude>
    <ClInclude Include="a_mantenimiento_Codigo.h">
      <Filter>Header Files</Filter>
    </ClInclude>
    <ClInclude Include="a_mantenimiento_Codigo_nuevo.h">
      <Filter>Header Files</Filter>
    </ClInclude>
    <ClInclude Include="a_mantenimiento_Codigo_editar.h">
      <Filter>Header Files</Filter>
    </ClInclude>
    <ClInclude Include="a_historial.h">
      <Filter>Header Files</Filter>
    </ClInclude>
    <ClInclude Include="a_mantenimiento_Usuario.h">
      <Filter>Header Files</Filter>
    </ClInclude>
    <ClInclude Include="b_reporte_UsosxDia.h">
      <Filter>Header Files</Filter>
    </ClInclude>
    <ClInclude Include="a_mantenimiento_Usuario_nuevo.h">
      <Filter>Header Files</Filter>
    </ClInclude>
    <ClInclude Include="a_mantenimiento_Usuario_editar.h">
      <Filter>Header Files</Filter>
    </ClInclude>
    <ClInclude Include="a_mantenimiento_Posicion.h">
      <Filter>Header Files</Filter>
    </ClInclude>
    <ClInclude Include="a_mantenimiento_Posicion_editar.h">
      <Filter>Header Files</Filter>
    </ClInclude>
    <ClInclude Include="a_mantenimiento_Posicion_nuevo.h">
      <Filter>Header Files</Filter>
    </ClInclude>
    <ClInclude Include="a_reporte_UsosxUsuario.h">
      <Filter>Header Files</Filter>
    </ClInclude>
  </ItemGroup>
</Project>